
Microsoft Visual Studio Solution File, Format Version 12.00
# Visual Studio Version 17
VisualStudioVersion = 17.14.36408.4
MinimumVisualStudioVersion = 10.0.40219.1
Project("{FAE04EC0-301F-11D3-BF4B-00C04F79EFBC}") = "Roster", "Roster\Roster.csproj", "{CAB6A47C-B6F5-4F64-86E9-79FF36CAC0A5}"
EndProject
Project("{FAE04EC0-301F-11D3-BF4B-00C04F79EFBC}") = "Roster_Login", "Roster_Login\Roster_Login.csproj", "{00E1E856-22B7-45F7-B674-1134DBF6C252}"
EndProject
Global
	GlobalSection(SolutionConfigurationPlatforms) = preSolution
		Debug|Any CPU = Debug|Any CPU
		Release|Any CPU = Release|Any CPU
	EndGlobalSection
	GlobalSection(ProjectConfigurationPlatforms) = postSolution
		{CAB6A47C-B6F5-4F64-86E9-79FF36CAC0A5}.Debug|Any CPU.ActiveCfg = Debug|Any CPU
		{CAB6A47C-B6F5-4F64-86E9-79FF36CAC0A5}.Debug|Any CPU.Build.0 = Debug|Any CPU
		{CAB6A47C-B6F5-4F64-86E9-79FF36CAC0A5}.Release|Any CPU.ActiveCfg = Release|Any CPU
		{CAB6A47C-B6F5-4F64-86E9-79FF36CAC0A5}.Release|Any CPU.Build.0 = Release|Any CPU
		{00E1E856-22B7-45F7-B674-1134DBF6C252}.Debug|Any CPU.ActiveCfg = Debug|Any CPU
		{00E1E856-22B7-45F7-B674-1134DBF6C252}.Debug|Any CPU.Build.0 = Debug|Any CPU
		{00E1E856-22B7-45F7-B674-1134DBF6C252}.Release|Any CPU.ActiveCfg = Release|Any CPU
		{00E1E856-22B7-45F7-B674-1134DBF6C252}.Release|Any CPU.Build.0 = Release|Any CPU
	EndGlobalSection
	GlobalSection(SolutionProperties) = preSolution
		HideSolutionNode = FALSE
	EndGlobalSection
	GlobalSection(ExtensibilityGlobals) = postSolution
		SolutionGuid = {AA6F6BC0-F0CE-4A05-A879-0660C6BF2A1A}
	EndGlobalSection
EndGlobal
